
Microsoft Visual Studio Solution File, Format Version 12.00
# Visual Studio Version 17
VisualStudioVersion = 17.14.36429.23 d17.14
MinimumVisualStudioVersion = 10.0.40219.1
Project("{FAE04EC0-301F-11D3-BF4B-00C04F79EFBC}") = "7DzAlekseeva", "7DzAlekseeva\7DzAlekseeva.csproj", "{F736D300-8748-4EC1-A70F-56EAAB2EDD69}"
EndProject
Global
	GlobalSection(SolutionConfigurationPlatforms) = preSolution
		Debug|Any CPU = Debug|Any CPU
		Release|Any CPU = Release|Any CPU
	EndGlobalSection
	GlobalSection(ProjectConfigurationPlatforms) = postSolution
		{F736D300-8748-4EC1-A70F-56EAAB2EDD69}.Debug|Any CPU.ActiveCfg = Debug|Any CPU
		{F736D300-8748-4EC1-A70F-56EAAB2EDD69}.Debug|Any CPU.Build.0 = Debug|Any CPU
		{F736D300-8748-4EC1-A70F-56EAAB2EDD69}.Release|Any CPU.ActiveCfg = Release|Any CPU
		{F736D300-8748-4EC1-A70F-56EAAB2EDD69}.Release|Any CPU.Build.0 = Release|Any CPU
	EndGlobalSection
	GlobalSection(SolutionProperties) = preSolution
		HideSolutionNode = FALSE
	EndGlobalSection
	GlobalSection(ExtensibilityGlobals) = postSolution
		SolutionGuid = {4FDE537B-A583-4AC3-A7D8-DBAA4D5967C0}
	EndGlobalSection
EndGlobal
